
Microsoft Visual Studio Solution File, Format Version 12.00
# Visual Studio Version 17
VisualStudioVersion = 17.10.35013.160
MinimumVisualStudioVersion = 10.0.40219.1
Project("{FAE04EC0-301F-11D3-BF4B-00C04F79EFBC}") = "InzioTest", "InzioTest.csproj", "{FBB4B1AA-5C92-46E7-A76B-30039DD2CCCE}"
EndProject
Global
	GlobalSection(SolutionConfigurationPlatforms) = preSolution
		Debug|Any CPU = Debug|Any CPU
		Release|Any CPU = Release|Any CPU
	EndGlobalSection
	GlobalSection(ProjectConfigurationPlatforms) = postSolution
		{FBB4B1AA-5C92-46E7-A76B-30039DD2CCCE}.Debug|Any CPU.ActiveCfg = Debug|Any CPU
		{FBB4B1AA-5C92-46E7-A76B-30039DD2CCCE}.Debug|Any CPU.Build.0 = Debug|Any CPU
		{FBB4B1AA-5C92-46E7-A76B-30039DD2CCCE}.Release|Any CPU.ActiveCfg = Release|Any CPU
		{FBB4B1AA-5C92-46E7-A76B-30039DD2CCCE}.Release|Any CPU.Build.0 = Release|Any CPU
	EndGlobalSection
	GlobalSection(SolutionProperties) = preSolution
		HideSolutionNode = FALSE
	EndGlobalSection
	GlobalSection(ExtensibilityGlobals) = postSolution
		SolutionGuid = {E8205CFE-7F9C-471D-9EB6-8F03B56BC1BC}
	EndGlobalSection
EndGlobal
